{
  "name": "auth",
  "version": "1.0.0",
  "lockfileVersion": 2,
  "requires": true,
  "packages": {
    "": {
      "name": "auth",
      "version": "1.0.0",
      "license": "ISC"
    },
    "../../../../../usr/local/lib/node_modules/express": {
      "version": "4.17.3",
      "extraneous": true,
      "license": "MIT",
      "dependencies": {
        "accepts": "~1.3.8",
        "array-flatten": "1.1.1",
        "body-parser": "1.19.2",
        "content-disposition": "0.5.4",
        "content-type": "~1.0.4",
        "cookie": "0.4.2",
        "cookie-signature": "1.0.6",
        "debug": "2.6.9",
        "depd": "~1.1.2",
        "encodeurl": "~1.0.2",
        "escape-html": "~1.0.3",
        "etag": "~1.8.1",
        "finalhandler": "~1.1.2",
        "fresh": "0.5.2",
        "merge-descriptors": "1.0.1",
        "methods": "~1.1.2",
        "on-finished": "~2.3.0",
        "parseurl": "~1.3.3",
        "path-to-regexp": "0.1.7",
        "proxy-addr": "~2.0.7",
        "qs": "6.9.7",
        "range-parser": "~1.2.1",
        "safe-buffer": "5.2.1",
        "send": "0.17.2",
        "serve-static": "1.14.2",
        "setprototypeof": "1.2.0",
        "statuses": "~1.5.0",
        "type-is": "~1.6.18",
        "utils-merge": "1.0.1",
        "vary": "~1.1.2"
      },
      "devDependencies": {
        "after": "0.8.2",
        "connect-redis": "3.4.2",
        "cookie-parser": "1.4.6",
        "cookie-session": "2.0.0",
        "ejs": "3.1.6",
        "eslint": "7.32.0",
        "express-session": "1.17.2",
        "hbs": "4.2.0",
        "marked": "0.7.0",
        "method-override": "3.0.0",
        "mocha": "9.2.0",
        "morgan": "1.10.0",
        "multiparty": "4.2.3",
        "nyc": "15.1.0",
        "pbkdf2-password": "1.2.1",
        "resolve-path": "1.4.0",
        "should": "13.2.3",
        "supertest": "6.2.2",
        "vhost": "~3.0.2"
      },
      "engines": {
        "node": ">= 0.10.0"
      }
    },
    "../../../../../usr/local/lib/node_modules/jsonwebtoken": {
      "version": "8.5.1",
      "extraneous": true,
      "license": "MIT",
      "dependencies": {
        "jws": "^3.2.2",
        "lodash.includes": "^4.3.0",
        "lodash.isboolean": "^3.0.3",
        "lodash.isinteger": "^4.0.4",
        "lodash.isnumber": "^3.0.3",
        "lodash.isplainobject": "^4.0.6",
        "lodash.isstring": "^4.0.1",
        "lodash.once": "^4.0.0",
        "ms": "^2.1.1",
        "semver": "^5.6.0"
      },
      "devDependencies": {
        "atob": "^2.1.2",
        "chai": "^4.1.2",
        "conventional-changelog": "~1.1.0",
        "cost-of-modules": "^1.0.1",
        "eslint": "^4.19.1",
        "mocha": "^5.2.0",
        "nsp": "^2.6.2",
        "nyc": "^11.9.0",
        "sinon": "^6.0.0"
      },
      "engines": {
        "node": ">=4",
        "npm": ">=1.4.28"
      }
    },
    "../../../../../usr/local/lib/node_modules/mongoose": {
      "version": "6.3.2",
      "extraneous": true,
      "license": "MIT",
      "dependencies": {
        "bson": "^4.6.2",
        "kareem": "2.3.5",
        "mongodb": "4.5.0",
        "mpath": "0.9.0",
        "mquery": "4.0.2",
        "ms": "2.1.3",
        "sift": "16.0.0"
      },
      "devDependencies": {
        "@babel/core": "7.17.10",
        "@babel/preset-env": "7.17.10",
        "@typescript-eslint/eslint-plugin": "5.21.0",
        "@typescript-eslint/parser": "5.21.0",
        "acquit": "1.2.1",
        "acquit-ignore": "0.2.0",
        "acquit-require": "0.1.1",
        "assert-browserify": "2.0.0",
        "axios": "0.27.2",
        "babel-loader": "8.2.5",
        "benchmark": "2.1.4",
        "bluebird": "3.7.2",
        "buffer": "6.0.3",
        "cheerio": "1.0.0-rc.10",
        "crypto-browserify": "3.12.0",
        "dox": "0.3.1",
        "eslint": "8.14.0",
        "eslint-plugin-mocha-no-only": "1.1.1",
        "highlight.js": "11.5.1",
        "lodash.isequal": "4.5.0",
        "lodash.isequalwith": "4.4.0",
        "marked": "4.0.14",
        "mocha": "10.0.0",
        "moment": "2.x",
        "mongodb-memory-server": "8.5.2",
        "nyc": "15.1.0",
        "pug": "3.0.2",
        "q": "1.5.1",
        "serve-handler": "6.1.3",
        "sinon": "13.0.2",
        "stream-browserify": "3.0.0",
        "tsd": "0.20.0",
        "typescript": "4.6.4",
        "uuid": "8.3.2",
        "webpack": "5.72.0"
      },
      "engines": {
        "node": ">=12.0.0"
      },
      "funding": {
        "type": "opencollective",
        "url": "https://opencollective.com/mongoose"
      }
    }
  }
}
